{
  "name": "node-js-getting-started",
  "version": "0.3.0",
  "lockfileVersion": 1,
  "requires": true,
  "dependencies": {
    "generic-pool": {
      "version": "2.0.2",
      "resolved": "https://registry.npmjs.org/generic-pool/-/generic-pool-2.0.2.tgz",
      "integrity": "sha1-YBXerdTOFX2074PKrJmE6JsQCRI="
    },
    "pg": {
      "version": "0.10.2",
      "resolved": "https://registry.npmjs.org/pg/-/pg-0.10.2.tgz",
      "integrity": "sha1-erF1Qk0H9KpwD43dKihFahFQHI4=",
      "requires": {
        "generic-pool": "2.0.2"
      }
    }
  }
}
